{
  "name": "@demo/db",
  "version": "0.0.0",
  "lockfileVersion": 1,
  "requires": true,
  "dependencies": {
    "now": {
      "version": "15.0.2",
      "resolved": "https://registry.npmjs.org/now/-/now-15.0.2.tgz",
      "integrity": "sha512-kloJ7sT1QnUvpslRtrKbcP+AdS6ymSuDK+oVh8d9399T2v388Ngk5OZBWjsDq8/58e9I3k2Xu5Hpk1P1dDpa3A==",
      "dev": true
    }
  }
}
